{
  "nodes": {
    "cmp-vimtex": {
      "flake": false,
      "locked": {
        "lastModified": 1708936870,
        "narHash": "sha256-07FqXsRe0RP5f3b6osrsi5gai+bZi9ybm5JL/nnBH+4=",
        "owner": "micangl",
        "repo": "cmp-vimtex",
        "rev": "613fbfc54d9488252b0b0289d6d1d60242513558",
        "type": "github"
      },
      "original": {
        "owner": "micangl",
        "repo": "cmp-vimtex",
        "type": "github"
      }
    },
    "everforest-nvim": {
      "flake": false,
      "locked": {
        "lastModified": 1710847361,
        "narHash": "sha256-qKyPqkcf420eMbgGNXmMgF3i9GZ71NpoqeK3+Gz0fzc=",
        "owner": "neanias",
        "repo": "everforest-nvim",
        "rev": "5e0e32a569fb464911342f0d421721cc1c94cf25",
        "type": "github"
      },
      "original": {
        "owner": "neanias",
        "repo": "everforest-nvim",
        "type": "github"
      }
    },
    "flake-compat": {
      "flake": false,
      "locked": {
        "lastModified": 1696426674,
        "narHash": "sha256-kvjfFW7WAETZlt09AgDn1MrtKzP7t90Vf7vypd3OL1U=",
        "owner": "edolstra",
        "repo": "flake-compat",
        "rev": "0f9255e01c2351cc7d116c072cb317785dd33b33",
        "type": "github"
      },
      "original": {
        "owner": "edolstra",
        "repo": "flake-compat",
        "type": "github"
      }
    },
    "flake-parts": {
      "inputs": {
        "nixpkgs-lib": "nixpkgs-lib"
      },
      "locked": {
        "lastModified": 1706830856,
        "narHash": "sha256-a0NYyp+h9hlb7ddVz4LUn1vT/PLwqfrWYcHMvFB1xYg=",
        "owner": "hercules-ci",
        "repo": "flake-parts",
        "rev": "b253292d9c0a5ead9bc98c4e9a26c6312e27d69f",
        "type": "github"
      },
      "original": {
        "owner": "hercules-ci",
        "repo": "flake-parts",
        "type": "github"
      }
    },
    "flake-parts_2": {
      "inputs": {
        "nixpkgs-lib": [
          "neovim-nightly",
          "nixpkgs"
        ]
      },
      "locked": {
        "lastModified": 1714641030,
        "narHash": "sha256-yzcRNDoyVP7+SCNX0wmuDju1NUCt8Dz9+lyUXEI0dbI=",
        "owner": "hercules-ci",
        "repo": "flake-parts",
        "rev": "e5d10a24b66c3ea8f150e47dfdb0416ab7c3390e",
        "type": "github"
      },
      "original": {
        "owner": "hercules-ci",
        "repo": "flake-parts",
        "type": "github"
      }
    },
    "flake-parts_3": {
      "inputs": {
        "nixpkgs-lib": [
          "neovim-nightly",
          "hercules-ci-effects",
          "nixpkgs"
        ]
      },
      "locked": {
        "lastModified": 1712014858,
        "narHash": "sha256-sB4SWl2lX95bExY2gMFG5HIzvva5AVMJd4Igm+GpZNw=",
        "owner": "hercules-ci",
        "repo": "flake-parts",
        "rev": "9126214d0a59633752a136528f5f3b9aa8565b7d",
        "type": "github"
      },
      "original": {
        "id": "flake-parts",
        "type": "indirect"
      }
    },
    "flake-utils": {
      "inputs": {
        "systems": "systems"
      },
      "locked": {
        "lastModified": 1710146030,
        "narHash": "sha256-SZ5L6eA7HJ/nmkzGG7/ISclqe6oZdOZTNoesiInkXPQ=",
        "owner": "numtide",
        "repo": "flake-utils",
        "rev": "b1d9ab70662946ef0850d488da1c9019f3a9752a",
        "type": "github"
      },
      "original": {
        "owner": "numtide",
        "repo": "flake-utils",
        "type": "github"
      }
    },
    "flake-utils_2": {
      "inputs": {
        "systems": "systems_2"
      },
      "locked": {
        "lastModified": 1710146030,
        "narHash": "sha256-SZ5L6eA7HJ/nmkzGG7/ISclqe6oZdOZTNoesiInkXPQ=",
        "owner": "numtide",
        "repo": "flake-utils",
        "rev": "b1d9ab70662946ef0850d488da1c9019f3a9752a",
        "type": "github"
      },
      "original": {
        "owner": "numtide",
        "repo": "flake-utils",
        "type": "github"
      }
    },
    "gen-luarc": {
      "inputs": {
        "flake-parts": "flake-parts",
        "nixpkgs": "nixpkgs"
      },
      "locked": {
        "lastModified": 1710933866,
        "narHash": "sha256-GtYTuxY6AdFxl3uwFkTkqpvOP4lQLzu2YwqnejhDs1Q=",
        "owner": "mrcjkb",
        "repo": "nix-gen-luarc-json",
        "rev": "6e8912ea4fbfaa10797caafb1f5628fb4178b6e8",
        "type": "github"
      },
      "original": {
        "owner": "mrcjkb",
        "repo": "nix-gen-luarc-json",
        "type": "github"
      }
    },
    "gitmoji-nvim": {
      "flake": false,
      "locked": {
        "lastModified": 1700166943,
        "narHash": "sha256-EZHclDtuyZWXTBOVU4C+Km/YNM1oAIazQT4wBI5K7vo=",
        "owner": "Dynge",
        "repo": "gitmoji.nvim",
        "rev": "326ddf01cbf3425566a089126ece7e8bd2560601",
        "type": "github"
      },
      "original": {
        "owner": "Dynge",
        "repo": "gitmoji.nvim",
        "type": "github"
      }
    },
    "hercules-ci-effects": {
      "inputs": {
        "flake-parts": "flake-parts_3",
        "nixpkgs": [
          "neovim-nightly",
          "nixpkgs"
        ]
      },
      "locked": {
        "lastModified": 1713898448,
        "narHash": "sha256-6q6ojsp/Z9P2goqnxyfCSzFOD92T3Uobmj8oVAicUOs=",
        "owner": "hercules-ci",
        "repo": "hercules-ci-effects",
        "rev": "c0302ec12d569532a6b6bd218f698bc402e93adc",
        "type": "github"
      },
      "original": {
        "owner": "hercules-ci",
        "repo": "hercules-ci-effects",
        "type": "github"
      }
    },
    "lua-utils-nvim": {
      "flake": false,
      "locked": {
        "lastModified": 1708177208,
        "narHash": "sha256-9ildzQEMkXKZ3LHq+khGFgRQFxlIXQclQ7QU3fcU1C4=",
        "owner": "nvim-neorg",
        "repo": "lua-utils.nvim",
        "rev": "e565749421f4bbb5d2e85e37c3cef9d56553d8bd",
        "type": "github"
      },
      "original": {
        "owner": "nvim-neorg",
        "repo": "lua-utils.nvim",
        "type": "github"
      }
    },
    "neovim-flake": {
      "inputs": {
        "flake-utils": "flake-utils_2",
        "nixpkgs": [
          "neovim-nightly",
          "nixpkgs"
        ]
      },
      "locked": {
        "dir": "contrib",
        "lastModified": 1714948981,
        "narHash": "sha256-oBN706nJUijfxWjfzdF3JE5xyFAyuo6IoAl3uIuNGlM=",
        "owner": "neovim",
        "repo": "neovim",
        "rev": "b024643ca7571cffb3dcc79c21dbccfe14aa3a6f",
        "type": "github"
      },
      "original": {
        "dir": "contrib",
        "owner": "neovim",
        "repo": "neovim",
        "type": "github"
      }
    },
    "neovim-nightly": {
      "inputs": {
        "flake-compat": "flake-compat",
        "flake-parts": "flake-parts_2",
        "hercules-ci-effects": "hercules-ci-effects",
        "neovim-flake": "neovim-flake",
        "nixpkgs": [
          "nixpkgs"
        ]
      },
      "locked": {
        "lastModified": 1714953847,
        "narHash": "sha256-jhtlABXGvOvJBGrV4JV5Ublo45TGhFx5ig3f5rO8Qss=",
        "owner": "nix-community",
        "repo": "neovim-nightly-overlay",
        "rev": "cf6844d105415e19d124f66f1e794ac08a3610c3",
        "type": "github"
      },
      "original": {
        "owner": "nix-community",
        "repo": "neovim-nightly-overlay",
        "type": "github"
      }
    },
    "nixpkgs": {
      "locked": {
        "lastModified": 1708475490,
        "narHash": "sha256-g1v0TsWBQPX97ziznfJdWhgMyMGtoBFs102xSYO4syU=",
        "owner": "nixos",
        "repo": "nixpkgs",
        "rev": "0e74ca98a74bc7270d28838369593635a5db3260",
        "type": "github"
      },
      "original": {
        "owner": "nixos",
        "ref": "nixos-unstable",
        "repo": "nixpkgs",
        "type": "github"
      }
    },
    "nixpkgs-lib": {
      "locked": {
        "dir": "lib",
        "lastModified": 1706550542,
        "narHash": "sha256-UcsnCG6wx++23yeER4Hg18CXWbgNpqNXcHIo5/1Y+hc=",
        "owner": "NixOS",
        "repo": "nixpkgs",
        "rev": "97b17f32362e475016f942bbdfda4a4a72a8a652",
        "type": "github"
      },
      "original": {
        "dir": "lib",
        "owner": "NixOS",
        "ref": "nixos-unstable",
        "repo": "nixpkgs",
        "type": "github"
      }
    },
    "nixpkgs_2": {
      "locked": {
        "lastModified": 1714906307,
        "narHash": "sha256-UlRZtrCnhPFSJlDQE7M0eyhgvuuHBTe1eJ9N9AQlJQ0=",
        "owner": "NixOS",
        "repo": "nixpkgs",
        "rev": "25865a40d14b3f9cf19f19b924e2ab4069b09588",
        "type": "github"
      },
      "original": {
        "owner": "NixOS",
        "ref": "nixos-unstable",
        "repo": "nixpkgs",
        "type": "github"
      }
    },
    "nvim-puppeteer": {
      "flake": false,
      "locked": {
        "lastModified": 1710266483,
        "narHash": "sha256-rRsLPeLaJNvOxzwGO+LOXW8FMhHpVkjuccTZdaK3O7c=",
        "owner": "chrisgrieser",
        "repo": "nvim-puppeteer",
        "rev": "ea340595967919222f3ba5c6c6def0787a336c82",
        "type": "github"
      },
      "original": {
        "owner": "chrisgrieser",
        "repo": "nvim-puppeteer",
        "type": "github"
      }
    },
    "pathlib-nvim": {
      "flake": false,
      "locked": {
        "lastModified": 1714141112,
        "narHash": "sha256-Hx7RGyVY3j4LvNWQuQI5Vq9mkq+U/ntxgDlw5VxbUII=",
        "owner": "pysan3",
        "repo": "pathlib.nvim",
        "rev": "723f9cd0d12a4bb8961cff4c2ac7edbfcf50a280",
        "type": "github"
      },
      "original": {
        "owner": "pysan3",
        "repo": "pathlib.nvim",
        "type": "github"
      }
    },
    "root": {
      "inputs": {
        "cmp-vimtex": "cmp-vimtex",
        "everforest-nvim": "everforest-nvim",
        "flake-utils": "flake-utils",
        "gen-luarc": "gen-luarc",
        "gitmoji-nvim": "gitmoji-nvim",
        "lua-utils-nvim": "lua-utils-nvim",
        "neovim-nightly": "neovim-nightly",
        "nixpkgs": "nixpkgs_2",
        "nvim-puppeteer": "nvim-puppeteer",
        "pathlib-nvim": "pathlib-nvim",
        "telescope-helpgrep-nvim": "telescope-helpgrep-nvim",
        "vim-characterize": "vim-characterize",
        "vim-kitty": "vim-kitty",
        "vim-minizinc": "vim-minizinc"
      }
    },
    "systems": {
      "locked": {
        "lastModified": 1681028828,
        "narHash": "sha256-Vy1rq5AaRuLzOxct8nz4T6wlgyUR7zLU309k9mBC768=",
        "owner": "nix-systems",
        "repo": "default",
        "rev": "da67096a3b9bf56a91d16901293e51ba5b49a27e",
        "type": "github"
      },
      "original": {
        "owner": "nix-systems",
        "repo": "default",
        "type": "github"
      }
    },
    "systems_2": {
      "locked": {
        "lastModified": 1681028828,
        "narHash": "sha256-Vy1rq5AaRuLzOxct8nz4T6wlgyUR7zLU309k9mBC768=",
        "owner": "nix-systems",
        "repo": "default",
        "rev": "da67096a3b9bf56a91d16901293e51ba5b49a27e",
        "type": "github"
      },
      "original": {
        "owner": "nix-systems",
        "repo": "default",
        "type": "github"
      }
    },
    "telescope-helpgrep-nvim": {
      "flake": false,
      "locked": {
        "lastModified": 1712450280,
        "narHash": "sha256-rPXwV/dOaprZsauGBxgl84Bg0jLTQ2cS7ClQ8F7kNiE=",
        "owner": "catgoose",
        "repo": "telescope-helpgrep.nvim",
        "rev": "a70290897d29d90a9d91ec9c159e917502fe0b6f",
        "type": "github"
      },
      "original": {
        "owner": "catgoose",
        "repo": "telescope-helpgrep.nvim",
        "type": "github"
      }
    },
    "vim-characterize": {
      "flake": false,
      "locked": {
        "lastModified": 1699641075,
        "narHash": "sha256-H+lao2LLWu+f11xOF5aH5D4a8GY6ozmgZ/uLzgGWAGw=",
        "owner": "tpope",
        "repo": "vim-characterize",
        "rev": "7fc5b75e7a9e46676cf736b56d99dd32004ff3d6",
        "type": "github"
      },
      "original": {
        "owner": "tpope",
        "repo": "vim-characterize",
        "type": "github"
      }
    },
    "vim-kitty": {
      "flake": false,
      "locked": {
        "lastModified": 1710769049,
        "narHash": "sha256-tK7G5m3X8k2HjUA6Rm6Lz82K2GjXzcc1JNlxWrbBxGU=",
        "owner": "fladson",
        "repo": "vim-kitty",
        "rev": "4f3f2901717320f80a1e16a868f706762be8535b",
        "type": "github"
      },
      "original": {
        "owner": "fladson",
        "repo": "vim-kitty",
        "type": "github"
      }
    },
    "vim-minizinc": {
      "flake": false,
      "locked": {
        "lastModified": 1646076705,
        "narHash": "sha256-PLMeTZVn/17yC77qH7EiXguYUtENclrV+gWB95Kbsz0=",
        "owner": "vale1410",
        "repo": "vim-minizinc",
        "rev": "83ac0d6b8ceab3417b43925a99894c0423e3c492",
        "type": "github"
      },
      "original": {
        "owner": "vale1410",
        "repo": "vim-minizinc",
        "type": "github"
      }
    }
  },
  "root": "root",
  "version": 7
}
