{
  "nodes": {
    "cmp-vimtex": {
      "flake": false,
      "locked": {
        "lastModified": 1716040164,
        "narHash": "sha256-CO70M+l/9c4vqNm0XloOTzGQTmogHbSwvUFKQxYGsuw=",
        "owner": "micangl",
        "repo": "cmp-vimtex",
        "rev": "a64b1b5eec0460144c91c4f20a45c74b8ded48ae",
        "type": "github"
      },
      "original": {
        "owner": "micangl",
        "repo": "cmp-vimtex",
        "type": "github"
      }
    },
    "everforest-nvim": {
      "flake": false,
      "locked": {
        "lastModified": 1717597221,
        "narHash": "sha256-UdPqQeoBQuIWQltgF4W9jolBacbFNbMnK6ukO6wJAgQ=",
        "owner": "neanias",
        "repo": "everforest-nvim",
        "rev": "93ae58039f565ef51252e1177e00946bd6258228",
        "type": "github"
      },
      "original": {
        "owner": "neanias",
        "repo": "everforest-nvim",
        "type": "github"
      }
    },
    "flake-compat": {
      "flake": false,
      "locked": {
        "lastModified": 1696426674,
        "narHash": "sha256-kvjfFW7WAETZlt09AgDn1MrtKzP7t90Vf7vypd3OL1U=",
        "owner": "edolstra",
        "repo": "flake-compat",
        "rev": "0f9255e01c2351cc7d116c072cb317785dd33b33",
        "type": "github"
      },
      "original": {
        "owner": "edolstra",
        "repo": "flake-compat",
        "type": "github"
      }
    },
    "flake-compat_2": {
      "flake": false,
      "locked": {
        "lastModified": 1696426674,
        "narHash": "sha256-kvjfFW7WAETZlt09AgDn1MrtKzP7t90Vf7vypd3OL1U=",
        "owner": "edolstra",
        "repo": "flake-compat",
        "rev": "0f9255e01c2351cc7d116c072cb317785dd33b33",
        "type": "github"
      },
      "original": {
        "owner": "edolstra",
        "repo": "flake-compat",
        "type": "github"
      }
    },
    "flake-parts": {
      "inputs": {
        "nixpkgs-lib": "nixpkgs-lib"
      },
      "locked": {
        "lastModified": 1717285511,
        "narHash": "sha256-iKzJcpdXih14qYVcZ9QC9XuZYnPc6T8YImb6dX166kw=",
        "owner": "hercules-ci",
        "repo": "flake-parts",
        "rev": "2a55567fcf15b1b1c7ed712a2c6fadaec7412ea8",
        "type": "github"
      },
      "original": {
        "owner": "hercules-ci",
        "repo": "flake-parts",
        "type": "github"
      }
    },
    "flake-parts_2": {
      "inputs": {
        "nixpkgs-lib": [
          "neovim-nightly-overlay",
          "nixpkgs"
        ]
      },
      "locked": {
        "lastModified": 1717285511,
        "narHash": "sha256-iKzJcpdXih14qYVcZ9QC9XuZYnPc6T8YImb6dX166kw=",
        "owner": "hercules-ci",
        "repo": "flake-parts",
        "rev": "2a55567fcf15b1b1c7ed712a2c6fadaec7412ea8",
        "type": "github"
      },
      "original": {
        "owner": "hercules-ci",
        "repo": "flake-parts",
        "type": "github"
      }
    },
    "flake-parts_3": {
      "inputs": {
        "nixpkgs-lib": [
          "neovim-nightly-overlay",
          "hercules-ci-effects",
          "nixpkgs"
        ]
      },
      "locked": {
        "lastModified": 1712014858,
        "narHash": "sha256-sB4SWl2lX95bExY2gMFG5HIzvva5AVMJd4Igm+GpZNw=",
        "owner": "hercules-ci",
        "repo": "flake-parts",
        "rev": "9126214d0a59633752a136528f5f3b9aa8565b7d",
        "type": "github"
      },
      "original": {
        "id": "flake-parts",
        "type": "indirect"
      }
    },
    "flake-utils": {
      "inputs": {
        "systems": "systems"
      },
      "locked": {
        "lastModified": 1710146030,
        "narHash": "sha256-SZ5L6eA7HJ/nmkzGG7/ISclqe6oZdOZTNoesiInkXPQ=",
        "owner": "numtide",
        "repo": "flake-utils",
        "rev": "b1d9ab70662946ef0850d488da1c9019f3a9752a",
        "type": "github"
      },
      "original": {
        "owner": "numtide",
        "repo": "flake-utils",
        "type": "github"
      }
    },
    "gen-luarc": {
      "inputs": {
        "flake-parts": "flake-parts",
        "nixpkgs": "nixpkgs"
      },
      "locked": {
        "lastModified": 1718922730,
        "narHash": "sha256-ykhhOPqA9NzdNBr3ii+3h2DkK2+wasNqQLfMF6BXxTE=",
        "owner": "mrcjkb",
        "repo": "nix-gen-luarc-json",
        "rev": "021e8078e43884c6cdc70ca753d9a0b146cd55a4",
        "type": "github"
      },
      "original": {
        "owner": "mrcjkb",
        "repo": "nix-gen-luarc-json",
        "type": "github"
      }
    },
    "git-hooks": {
      "inputs": {
        "flake-compat": "flake-compat_2",
        "gitignore": "gitignore",
        "nixpkgs": [
          "neovim-nightly-overlay",
          "nixpkgs"
        ],
        "nixpkgs-stable": [
          "neovim-nightly-overlay",
          "nixpkgs"
        ]
      },
      "locked": {
        "lastModified": 1718879355,
        "narHash": "sha256-RTyqP4fBX2MdhNuMP+fnR3lIwbdtXhyj7w7fwtvgspc=",
        "owner": "cachix",
        "repo": "git-hooks.nix",
        "rev": "8cd35b9496d21a6c55164d8547d9d5280162b07a",
        "type": "github"
      },
      "original": {
        "owner": "cachix",
        "repo": "git-hooks.nix",
        "type": "github"
      }
    },
    "gitignore": {
      "inputs": {
        "nixpkgs": [
          "neovim-nightly-overlay",
          "git-hooks",
          "nixpkgs"
        ]
      },
      "locked": {
        "lastModified": 1709087332,
        "narHash": "sha256-HG2cCnktfHsKV0s4XW83gU3F57gaTljL9KNSuG6bnQs=",
        "owner": "hercules-ci",
        "repo": "gitignore.nix",
        "rev": "637db329424fd7e46cf4185293b9cc8c88c95394",
        "type": "github"
      },
      "original": {
        "owner": "hercules-ci",
        "repo": "gitignore.nix",
        "type": "github"
      }
    },
    "gitmoji-nvim": {
      "flake": false,
      "locked": {
        "lastModified": 1700166943,
        "narHash": "sha256-EZHclDtuyZWXTBOVU4C+Km/YNM1oAIazQT4wBI5K7vo=",
        "owner": "Dynge",
        "repo": "gitmoji.nvim",
        "rev": "326ddf01cbf3425566a089126ece7e8bd2560601",
        "type": "github"
      },
      "original": {
        "owner": "Dynge",
        "repo": "gitmoji.nvim",
        "type": "github"
      }
    },
    "hercules-ci-effects": {
      "inputs": {
        "flake-parts": "flake-parts_3",
        "nixpkgs": [
          "neovim-nightly-overlay",
          "nixpkgs"
        ]
      },
      "locked": {
        "lastModified": 1718018037,
        "narHash": "sha256-03rLBd/lKecgaKz0j5ESUf9lDn5R0SJatZTKLL5unWE=",
        "owner": "hercules-ci",
        "repo": "hercules-ci-effects",
        "rev": "0ab08b23ce3c3f75fe9a5598756b6fb8bcf0b414",
        "type": "github"
      },
      "original": {
        "owner": "hercules-ci",
        "repo": "hercules-ci-effects",
        "type": "github"
      }
    },
    "just-nvim": {
      "flake": false,
      "locked": {
        "lastModified": 1717617890,
        "narHash": "sha256-Fr8vYcn8MJIUCitxRfhzXC8xiniiVZX51ogGUhN5VMc=",
        "owner": "al1-ce",
        "repo": "just.nvim",
        "rev": "86d8aa60db69a5e69d129af3dc3ff7352b8fc70e",
        "type": "github"
      },
      "original": {
        "owner": "al1-ce",
        "repo": "just.nvim",
        "type": "github"
      }
    },
    "neovim-nightly-overlay": {
      "inputs": {
        "flake-compat": "flake-compat",
        "flake-parts": "flake-parts_2",
        "git-hooks": "git-hooks",
        "hercules-ci-effects": "hercules-ci-effects",
        "neovim-src": "neovim-src",
        "nixpkgs": [
          "nixpkgs"
        ]
      },
      "locked": {
        "lastModified": 1718935491,
        "narHash": "sha256-Dk+ZTVu3CuVv4UPbif3GmR7eT3zAE/mQ+3UUvFHknKE=",
        "owner": "nix-community",
        "repo": "neovim-nightly-overlay",
        "rev": "cc2d148e283e05cce751c5cc50ce38bbc0589f61",
        "type": "github"
      },
      "original": {
        "owner": "nix-community",
        "repo": "neovim-nightly-overlay",
        "type": "github"
      }
    },
    "neovim-src": {
      "flake": false,
      "locked": {
        "lastModified": 1718890629,
        "narHash": "sha256-TLJ8xTHKgnbsMnlmfQ7eF5+aafjo5PlFQFF3mkrIsBs=",
        "owner": "neovim",
        "repo": "neovim",
        "rev": "0e3e1e6b6d8370f1fcc9887d5cb931b131450a1c",
        "type": "github"
      },
      "original": {
        "owner": "neovim",
        "repo": "neovim",
        "type": "github"
      }
    },
    "nixpkgs": {
      "locked": {
        "lastModified": 1718714799,
        "narHash": "sha256-FUZpz9rg3gL8NVPKbqU8ei1VkPLsTIfAJ2fdAf5qjak=",
        "owner": "nixos",
        "repo": "nixpkgs",
        "rev": "c00d587b1a1afbf200b1d8f0b0e4ba9deb1c7f0e",
        "type": "github"
      },
      "original": {
        "owner": "nixos",
        "ref": "nixos-unstable",
        "repo": "nixpkgs",
        "type": "github"
      }
    },
    "nixpkgs-lib": {
      "locked": {
        "lastModified": 1717284937,
        "narHash": "sha256-lIbdfCsf8LMFloheeE6N31+BMIeixqyQWbSr2vk79EQ=",
        "type": "tarball",
        "url": "https://github.com/NixOS/nixpkgs/archive/eb9ceca17df2ea50a250b6b27f7bf6ab0186f198.tar.gz"
      },
      "original": {
        "type": "tarball",
        "url": "https://github.com/NixOS/nixpkgs/archive/eb9ceca17df2ea50a250b6b27f7bf6ab0186f198.tar.gz"
      }
    },
    "nixpkgs_2": {
      "locked": {
        "lastModified": 1718714799,
        "narHash": "sha256-FUZpz9rg3gL8NVPKbqU8ei1VkPLsTIfAJ2fdAf5qjak=",
        "owner": "NixOS",
        "repo": "nixpkgs",
        "rev": "c00d587b1a1afbf200b1d8f0b0e4ba9deb1c7f0e",
        "type": "github"
      },
      "original": {
        "owner": "NixOS",
        "ref": "nixos-unstable",
        "repo": "nixpkgs",
        "type": "github"
      }
    },
    "nvim-puppeteer": {
      "flake": false,
      "locked": {
        "lastModified": 1717527502,
        "narHash": "sha256-Xw3G8D4qVbR3XTtD7mVwlF/z6oQFf28tn/NPUKsyvas=",
        "owner": "chrisgrieser",
        "repo": "nvim-puppeteer",
        "rev": "b51baeae3b9bff483eea4cd3c47cc4c0cf85aecd",
        "type": "github"
      },
      "original": {
        "owner": "chrisgrieser",
        "repo": "nvim-puppeteer",
        "type": "github"
      }
    },
    "root": {
      "inputs": {
        "cmp-vimtex": "cmp-vimtex",
        "everforest-nvim": "everforest-nvim",
        "flake-utils": "flake-utils",
        "gen-luarc": "gen-luarc",
        "gitmoji-nvim": "gitmoji-nvim",
        "just-nvim": "just-nvim",
        "neovim-nightly-overlay": "neovim-nightly-overlay",
        "nixpkgs": "nixpkgs_2",
        "nvim-puppeteer": "nvim-puppeteer",
        "telescope-helpgrep-nvim": "telescope-helpgrep-nvim",
        "vim-characterize": "vim-characterize",
        "vim-kitty": "vim-kitty",
        "vim-minizinc": "vim-minizinc"
      }
    },
    "systems": {
      "locked": {
        "lastModified": 1681028828,
        "narHash": "sha256-Vy1rq5AaRuLzOxct8nz4T6wlgyUR7zLU309k9mBC768=",
        "owner": "nix-systems",
        "repo": "default",
        "rev": "da67096a3b9bf56a91d16901293e51ba5b49a27e",
        "type": "github"
      },
      "original": {
        "owner": "nix-systems",
        "repo": "default",
        "type": "github"
      }
    },
    "telescope-helpgrep-nvim": {
      "flake": false,
      "locked": {
        "lastModified": 1716032219,
        "narHash": "sha256-ZVWNqXZngTIj9otiFt+/lUm7V8GA378FdlJG78+SJNY=",
        "owner": "catgoose",
        "repo": "telescope-helpgrep.nvim",
        "rev": "641b2f1b4559a67731dc42fd84203817ebd6e2ce",
        "type": "github"
      },
      "original": {
        "owner": "catgoose",
        "repo": "telescope-helpgrep.nvim",
        "type": "github"
      }
    },
    "vim-characterize": {
      "flake": false,
      "locked": {
        "lastModified": 1699641075,
        "narHash": "sha256-H+lao2LLWu+f11xOF5aH5D4a8GY6ozmgZ/uLzgGWAGw=",
        "owner": "tpope",
        "repo": "vim-characterize",
        "rev": "7fc5b75e7a9e46676cf736b56d99dd32004ff3d6",
        "type": "github"
      },
      "original": {
        "owner": "tpope",
        "repo": "vim-characterize",
        "type": "github"
      }
    },
    "vim-kitty": {
      "flake": false,
      "locked": {
        "lastModified": 1717570764,
        "narHash": "sha256-BenhzczYuore4IuQHxMhHkd/ZY0vVUIHcSlen5z7N+c=",
        "owner": "fladson",
        "repo": "vim-kitty",
        "rev": "029f565b0411c62075f3a9ba2c0acb58e6f6934c",
        "type": "github"
      },
      "original": {
        "owner": "fladson",
        "repo": "vim-kitty",
        "type": "github"
      }
    },
    "vim-minizinc": {
      "flake": false,
      "locked": {
        "lastModified": 1646076705,
        "narHash": "sha256-PLMeTZVn/17yC77qH7EiXguYUtENclrV+gWB95Kbsz0=",
        "owner": "vale1410",
        "repo": "vim-minizinc",
        "rev": "83ac0d6b8ceab3417b43925a99894c0423e3c492",
        "type": "github"
      },
      "original": {
        "owner": "vale1410",
        "repo": "vim-minizinc",
        "type": "github"
      }
    }
  },
  "root": "root",
  "version": 7
}
